
Microsoft Visual Studio Solution File, Format Version 12.00
# Visual Studio 2012
Project("{FAE04EC0-301F-11D3-BF4B-00C04F79EFBC}") = "EntityMapping", "EntityMapping\EntityMapping.csproj", "{943E5708-6346-4CF9-A94B-DDC2D5DC9EEE}"
EndProject
Project("{FAE04EC0-301F-11D3-BF4B-00C04F79EFBC}") = "DeveloperHub", "DeveloperHub\DeveloperHub.csproj", "{886174F7-A410-4725-98BC-B4B64DCCE60D}"
EndProject
Global
	GlobalSection(SolutionConfigurationPlatforms) = preSolution
		Debug|Any CPU = Debug|Any CPU
		Release|Any CPU = Release|Any CPU
	EndGlobalSection
	GlobalSection(ProjectConfigurationPlatforms) = postSolution
		{943E5708-6346-4CF9-A94B-DDC2D5DC9EEE}.Debug|Any CPU.ActiveCfg = Debug|Any CPU
		{943E5708-6346-4CF9-A94B-DDC2D5DC9EEE}.Debug|Any CPU.Build.0 = Debug|Any CPU
		{943E5708-6346-4CF9-A94B-DDC2D5DC9EEE}.Release|Any CPU.ActiveCfg = Release|Any CPU
		{943E5708-6346-4CF9-A94B-DDC2D5DC9EEE}.Release|Any CPU.Build.0 = Release|Any CPU
		{886174F7-A410-4725-98BC-B4B64DCCE60D}.Debug|Any CPU.ActiveCfg = Debug|Any CPU
		{886174F7-A410-4725-98BC-B4B64DCCE60D}.Debug|Any CPU.Build.0 = Debug|Any CPU
		{886174F7-A410-4725-98BC-B4B64DCCE60D}.Release|Any CPU.ActiveCfg = Release|Any CPU
		{886174F7-A410-4725-98BC-B4B64DCCE60D}.Release|Any CPU.Build.0 = Release|Any CPU
	EndGlobalSection
	GlobalSection(SolutionProperties) = preSolution
		HideSolutionNode = FALSE
	EndGlobalSection
EndGlobal
